
Microsoft Visual Studio Solution File, Format Version 12.00
# Visual Studio Version 17
VisualStudioVersion = 17.7.34003.232
MinimumVisualStudioVersion = 10.0.40219.1
Project("{FAE04EC0-301F-11D3-BF4B-00C04F79EFBC}") = "UNotify", "UNotify\UNotify.csproj", "{DD28029C-242F-4D53-B0F4-3EE67BB9BC07}"
EndProject
Global
	GlobalSection(SolutionConfigurationPlatforms) = preSolution
		Debug|Any CPU = Debug|Any CPU
		Release|Any CPU = Release|Any CPU
	EndGlobalSection
	GlobalSection(ProjectConfigurationPlatforms) = postSolution
		{DD28029C-242F-4D53-B0F4-3EE67BB9BC07}.Debug|Any CPU.ActiveCfg = Debug|Any CPU
		{DD28029C-242F-4D53-B0F4-3EE67BB9BC07}.Debug|Any CPU.Build.0 = Debug|Any CPU
		{DD28029C-242F-4D53-B0F4-3EE67BB9BC07}.Release|Any CPU.ActiveCfg = Release|Any CPU
		{DD28029C-242F-4D53-B0F4-3EE67BB9BC07}.Release|Any CPU.Build.0 = Release|Any CPU
	EndGlobalSection
	GlobalSection(SolutionProperties) = preSolution
		HideSolutionNode = FALSE
	EndGlobalSection
	GlobalSection(ExtensibilityGlobals) = postSolution
		SolutionGuid = {752486DC-B039-4E69-ACD7-1B4A34FF21A9}
	EndGlobalSection
EndGlobal
